// !$*UTF8*$!
{
	archiveVersion = 1;
	classes = {
	};
	objectVersion = 50;
	objects = {

/* Begin PBXBuildFile section */
		C951D14522CA9B63006CF39E /* AppDelegate.swift in Sources */ = {isa = PBXBuildFile; fileRef = C951D14422CA9B63006CF39E /* AppDelegate.swift */; };
		C951D14722CA9B63006CF39E /* ViewController.swift in Sources */ = {isa = PBXBuildFile; fileRef = C951D14622CA9B63006CF39E /* ViewController.swift */; };
		C951D14A22CA9B63006CF39E /* Main.storyboard in Resources */ = {isa = PBXBuildFile; fileRef = C951D14822CA9B63006CF39E /* Main.storyboard */; };
		C951D14C22CA9B65006CF39E /* Assets.xcassets in Resources */ = {isa = PBXBuildFile; fileRef = C951D14B22CA9B65006CF39E /* Assets.xcassets */; };
		C951D14F22CA9B65006CF39E /* LaunchScreen.storyboard in Resources */ = {isa = PBXBuildFile; fileRef = C951D14D22CA9B65006CF39E /* LaunchScreen.storyboard */; };
		C951D15D22CA9BE8006CF39E /* AppDelegate.swift in Sources */ = {isa = PBXBuildFile; fileRef = C951D15C22CA9BE8006CF39E /* AppDelegate.swift */; };
		C951D15F22CA9BE8006CF39E /* ViewController.swift in Sources */ = {isa = PBXBuildFile; fileRef = C951D15E22CA9BE8006CF39E /* ViewController.swift */; };
		C951D16222CA9BE8006CF39E /* Main.storyboard in Resources */ = {isa = PBXBuildFile; fileRef = C951D16022CA9BE8006CF39E /* Main.storyboard */; };
		C951D16722CA9BE8006CF39E /* LaunchScreen.storyboard in Resources */ = {isa = PBXBuildFile; fileRef = C951D16522CA9BE8006CF39E /* LaunchScreen.storyboard */; };
		C951D16D22CA9C21006CF39E /* Assets.xcassets in Resources */ = {isa = PBXBuildFile; fileRef = C951D14B22CA9B65006CF39E /* Assets.xcassets */; };
/* End PBXBuildFile section */

/* Begin PBXFileReference section */
		C951D14122CA9B63006CF39E /* Artable.app */ = {isa = PBXFileReference; explicitFileType = wrapper.application; includeInIndex = 0; path = Artable.app; sourceTree = BUILT_PRODUCTS_DIR; };
		C951D14422CA9B63006CF39E /* AppDelegate.swift */ = {isa = PBXFileReference; lastKnownFileType = sourcecode.swift; path = AppDelegate.swift; sourceTree = "<group>"; };
		C951D14622CA9B63006CF39E /* ViewController.swift */ = {isa = PBXFileReference; lastKnownFileType = sourcecode.swift; path = ViewController.swift; sourceTree = "<group>"; };
		C951D14922CA9B63006CF39E /* Base */ = {isa = PBXFileReference; lastKnownFileType = file.storyboard; name = Base; path = Base.lproj/Main.storyboard; sourceTree = "<group>"; };
		C951D14B22CA9B65006CF39E /* Assets.xcassets */ = {isa = PBXFileReference; lastKnownFileType = folder.assetcatalog; path = Assets.xcassets; sourceTree = "<group>"; };
		C951D14E22CA9B65006CF39E /* Base */ = {isa = PBXFileReference; lastKnownFileType = file.storyboard; name = Base; path = Base.lproj/LaunchScreen.storyboard; sourceTree = "<group>"; };
		C951D15022CA9B65006CF39E /* Info.plist */ = {isa = PBXFileReference; lastKnownFileType = text.plist.xml; path = Info.plist; sourceTree = "<group>"; };
		C951D15A22CA9BE8006CF39E /* ArtableAdmin.app */ = {isa = PBXFileReference; explicitFileType = wrapper.application; includeInIndex = 0; path = ArtableAdmin.app; sourceTree = BUILT_PRODUCTS_DIR; };
		C951D15C22CA9BE8006CF39E /* AppDelegate.swift */ = {isa = PBXFileReference; lastKnownFileType = sourcecode.swift; path = AppDelegate.swift; sourceTree = "<group>"; };
		C951D15E22CA9BE8006CF39E /* ViewController.swift */ = {isa = PBXFileReference; lastKnownFileType = sourcecode.swift; path = ViewController.swift; sourceTree = "<group>"; };
		C951D16122CA9BE8006CF39E /* Base */ = {isa = PBXFileReference; lastKnownFileType = file.storyboard; name = Base; path = Base.lproj/Main.storyboard; sourceTree = "<group>"; };
		C951D16622CA9BE8006CF39E /* Base */ = {isa = PBXFileReference; lastKnownFileType = file.storyboard; name = Base; path = Base.lproj/LaunchScreen.storyboard; sourceTree = "<group>"; };
		C951D16822CA9BE8006CF39E /* Info.plist */ = {isa = PBXFileReference; lastKnownFileType = text.plist.xml; path = Info.plist; sourceTree = "<group>"; };
/* End PBXFileReference section */

/* Begin PBXFrameworksBuildPhase section */
		C951D13E22CA9B63006CF39E /* Frameworks */ = {
			isa = PBXFrameworksBuildPhase;
			buildActionMask = 2147483647;
			files = (
			);
			runOnlyForDeploymentPostprocessing = 0;
		};
		C951D15722CA9BE8006CF39E /* Frameworks */ = {
			isa = PBXFrameworksBuildPhase;
			buildActionMask = 2147483647;
			files = (
			);
			runOnlyForDeploymentPostprocessing = 0;
		};
/* End PBXFrameworksBuildPhase section */

/* Begin PBXGroup section */
		C951D13822CA9B63006CF39E = {
			isa = PBXGroup;
			children = (
				C951D16C22CA9BF8006CF39E /* Shared */,
				C951D14322CA9B63006CF39E /* Artable */,
				C951D15B22CA9BE8006CF39E /* ArtableAdmin */,
				C951D14222CA9B63006CF39E /* Products */,
			);
			sourceTree = "<group>";
		};
		C951D14222CA9B63006CF39E /* Products */ = {
			isa = PBXGroup;
			children = (
				C951D14122CA9B63006CF39E /* Artable.app */,
				C951D15A22CA9BE8006CF39E /* ArtableAdmin.app */,
			);
			name = Products;
			sourceTree = "<group>";
		};
		C951D14322CA9B63006CF39E /* Artable */ = {
			isa = PBXGroup;
			children = (
				C951D14422CA9B63006CF39E /* AppDelegate.swift */,
				C951D14622CA9B63006CF39E /* ViewController.swift */,
				C951D14822CA9B63006CF39E /* Main.storyboard */,
				C951D14D22CA9B65006CF39E /* LaunchScreen.storyboard */,
				C951D15022CA9B65006CF39E /* Info.plist */,
			);
			path = Artable;
			sourceTree = "<group>";
		};
		C951D15B22CA9BE8006CF39E /* ArtableAdmin */ = {
			isa = PBXGroup;
			children = (
				C951D15C22CA9BE8006CF39E /* AppDelegate.swift */,
				C951D15E22CA9BE8006CF39E /* ViewController.swift */,
				C951D16022CA9BE8006CF39E /* Main.storyboard */,
				C951D16522CA9BE8006CF39E /* LaunchScreen.storyboard */,
				C951D16822CA9BE8006CF39E /* Info.plist */,
			);
			path = ArtableAdmin;
			sourceTree = "<group>";
		};
		C951D16C22CA9BF8006CF39E /* Shared */ = {
			isa = PBXGroup;
			children = (
				C951D14B22CA9B65006CF39E /* Assets.xcassets */,
			);
			path = Shared;
			sourceTree = "<group>";
		};
/* End PBXGroup section */

/* Begin PBXNativeTarget section */
		C951D14022CA9B63006CF39E /* Artable */ = {
			isa = PBXNativeTarget;
			buildConfigurationList = C951D15322CA9B65006CF39E /* Build configuration list for PBXNativeTarget "Artable" */;
			buildPhases = (
				C951D13D22CA9B63006CF39E /* Sources */,
				C951D13E22CA9B63006CF39E /* Frameworks */,
				C951D13F22CA9B63006CF39E /* Resources */,
			);
			buildRules = (
			);
			dependencies = (
			);
			name = Artable;
			productName = Artable;
			productReference = C951D14122CA9B63006CF39E /* Artable.app */;
			productType = "com.apple.product-type.application";
		};
		C951D15922CA9BE8006CF39E /* ArtableAdmin */ = {
			isa = PBXNativeTarget;
			buildConfigurationList = C951D16922CA9BE8006CF39E /* Build configuration list for PBXNativeTarget "ArtableAdmin" */;
			buildPhases = (
				C951D15622CA9BE8006CF39E /* Sources */,
				C951D15722CA9BE8006CF39E /* Frameworks */,
				C951D15822CA9BE8006CF39E /* Resources */,
			);
			buildRules = (
			);
			dependencies = (
			);
			name = ArtableAdmin;
			productName = ArtableAdmin;
			productReference = C951D15A22CA9BE8006CF39E /* ArtableAdmin.app */;
			productType = "com.apple.product-type.application";
		};
/* End PBXNativeTarget section */

/* Begin PBXProject section */
		C951D13922CA9B63006CF39E /* Project object */ = {
			isa = PBXProject;
			attributes = {
				LastSwiftUpdateCheck = 1020;
				LastUpgradeCheck = 1020;
				ORGANIZATIONNAME = "Matt Osak";
				TargetAttributes = {
					C951D14022CA9B63006CF39E = {
						CreatedOnToolsVersion = 10.2.1;
					};
					C951D15922CA9BE8006CF39E = {
						CreatedOnToolsVersion = 10.2.1;
					};
				};
			};
			buildConfigurationList = C951D13C22CA9B63006CF39E /* Build configuration list for PBXProject "Artable" */;
			compatibilityVersion = "Xcode 9.3";
			developmentRegion = en;
			hasScannedForEncodings = 0;
			knownRegions = (
				en,
				Base,
			);
			mainGroup = C951D13822CA9B63006CF39E;
			productRefGroup = C951D14222CA9B63006CF39E /* Products */;
			projectDirPath = "";
			projectRoot = "";
			targets = (
				C951D14022CA9B63006CF39E /* Artable */,
				C951D15922CA9BE8006CF39E /* ArtableAdmin */,
			);
		};
/* End PBXProject section */

/* Begin PBXResourcesBuildPhase section */
		C951D13F22CA9B63006CF39E /* Resources */ = {
			isa = PBXResourcesBuildPhase;
			buildActionMask = 2147483647;
			files = (
				C951D14F22CA9B65006CF39E /* LaunchScreen.storyboard in Resources */,
				C951D14C22CA9B65006CF39E /* Assets.xcassets in Resources */,
				C951D14A22CA9B63006CF39E /* Main.storyboard in Resources */,
			);
			runOnlyForDeploymentPostprocessing = 0;
		};
		C951D15822CA9BE8006CF39E /* Resources */ = {
			isa = PBXResourcesBuildPhase;
			buildActionMask = 2147483647;
			files = (
				C951D16722CA9BE8006CF39E /* LaunchScreen.storyboard in Resources */,
				C951D16D22CA9C21006CF39E /* Assets.xcassets in Resources */,
				C951D16222CA9BE8006CF39E /* Main.storyboard in Resources */,
			);
			runOnlyForDeploymentPostprocessing = 0;
		};
/* End PBXResourcesBuildPhase section */

/* Begin PBXSourcesBuildPhase section */
		C951D13D22CA9B63006CF39E /* Sources */ = {
			isa = PBXSourcesBuildPhase;
			buildActionMask = 2147483647;
			files = (
				C951D14722CA9B63006CF39E /* ViewController.swift in Sources */,
				C951D14522CA9B63006CF39E /* AppDelegate.swift in Sources */,
			);
			runOnlyForDeploymentPostprocessing = 0;
		};
		C951D15622CA9BE8006CF39E /* Sources */ = {
			isa = PBXSourcesBuildPhase;
			buildActionMask = 2147483647;
			files = (
				C951D15F22CA9BE8006CF39E /* ViewController.swift in Sources */,
				C951D15D22CA9BE8006CF39E /* AppDelegate.swift in Sources */,
			);
			runOnlyForDeploymentPostprocessing = 0;
		};
/* End PBXSourcesBuildPhase section */

/* Begin PBXVariantGroup section */
		C951D14822CA9B63006CF39E /* Main.storyboard */ = {
			isa = PBXVariantGroup;
			children = (
				C951D14922CA9B63006CF39E /* Base */,
			);
			name = Main.storyboard;
			sourceTree = "<group>";
		};
		C951D14D22CA9B65006CF39E /* LaunchScreen.storyboard */ = {
			isa = PBXVariantGroup;
			children = (
				C951D14E22CA9B65006CF39E /* Base */,
			);
			name = LaunchScreen.storyboard;
			sourceTree = "<group>";
		};
		C951D16022CA9BE8006CF39E /* Main.storyboard */ = {
			isa = PBXVariantGroup;
			children = (
				C951D16122CA9BE8006CF39E /* Base */,
			);
			name = Main.storyboard;
			sourceTree = "<group>";
		};
		C951D16522CA9BE8006CF39E /* LaunchScreen.storyboard */ = {
			isa = PBXVariantGroup;
			children = (
				C951D16622CA9BE8006CF39E /* Base */,
			);
			name = LaunchScreen.storyboard;
			sourceTree = "<group>";
		};
/* End PBXVariantGroup section */

/* Begin XCBuildConfiguration section */
		C951D15122CA9B65006CF39E /* Debug */ = {
			isa = XCBuildConfiguration;
			buildSettings = {
				ALWAYS_SEARCH_USER_PATHS = NO;
				CLANG_ANALYZER_NONNULL = YES;
				CLANG_ANALYZER_NUMBER_OBJECT_CONVERSION = YES_AGGRESSIVE;
				CLANG_CXX_LANGUAGE_STANDARD = "gnu++14";
				CLANG_CXX_LIBRARY = "libc++";
				CLANG_ENABLE_MODULES = YES;
				CLANG_ENABLE_OBJC_ARC = YES;
				CLANG_ENABLE_OBJC_WEAK = YES;
				CLANG_WARN_BLOCK_CAPTURE_AUTORELEASING = YES;
				CLANG_WARN_BOOL_CONVERSION = YES;
				CLANG_WARN_COMMA = YES;
				CLANG_WARN_CONSTANT_CONVERSION = YES;
				CLANG_WARN_DEPRECATED_OBJC_IMPLEMENTATIONS = YES;
				CLANG_WARN_DIRECT_OBJC_ISA_USAGE = YES_ERROR;
				CLANG_WARN_DOCUMENTATION_COMMENTS = YES;
				CLANG_WARN_EMPTY_BODY = YES;
				CLANG_WARN_ENUM_CONVERSION = YES;
				CLANG_WARN_INFINITE_RECURSION = YES;
				CLANG_WARN_INT_CONVERSION = YES;
				CLANG_WARN_NON_LITERAL_NULL_CONVERSION = YES;
				CLANG_WARN_OBJC_IMPLICIT_RETAIN_SELF = YES;
				CLANG_WARN_OBJC_LITERAL_CONVERSION = YES;
				CLANG_WARN_OBJC_ROOT_CLASS = YES_ERROR;
				CLANG_WARN_RANGE_LOOP_ANALYSIS = YES;
				CLANG_WARN_STRICT_PROTOTYPES = YES;
				CLANG_WARN_SUSPICIOUS_MOVE = YES;
				CLANG_WARN_UNGUARDED_AVAILABILITY = YES_AGGRESSIVE;
				CLANG_WARN_UNREACHABLE_CODE = YES;
				CLANG_WARN__DUPLICATE_METHOD_MATCH = YES;
				CODE_SIGN_IDENTITY = "iPhone Developer";
				COPY_PHASE_STRIP = NO;
				DEBUG_INFORMATION_FORMAT = dwarf;
				ENABLE_STRICT_OBJC_MSGSEND = YES;
				ENABLE_TESTABILITY = YES;
				GCC_C_LANGUAGE_STANDARD = gnu11;
				GCC_DYNAMIC_NO_PIC = NO;
				GCC_NO_COMMON_BLOCKS = YES;
				GCC_OPTIMIZATION_LEVEL = 0;
				GCC_PREPROCESSOR_DEFINITIONS = (
					"DEBUG=1",
					"$(inherited)",
				);
				GCC_WARN_64_TO_32_BIT_CONVERSION = YES;
				GCC_WARN_ABOUT_RETURN_TYPE = YES_ERROR;
				GCC_WARN_UNDECLARED_SELECTOR = YES;
				GCC_WARN_UNINITIALIZED_AUTOS = YES_AGGRESSIVE;
				GCC_WARN_UNUSED_FUNCTION = YES;
				GCC_WARN_UNUSED_VARIABLE = YES;
				IPHONEOS_DEPLOYMENT_TARGET = 12.2;
				MTL_ENABLE_DEBUG_INFO = INCLUDE_SOURCE;
				MTL_FAST_MATH = YES;
				ONLY_ACTIVE_ARCH = YES;
				SDKROOT = iphoneos;
				SWIFT_ACTIVE_COMPILATION_CONDITIONS = DEBUG;
				SWIFT_OPTIMIZATION_LEVEL = "-Onone";
			};
			name = Debug;
		};
		C951D15222CA9B65006CF39E /* Release */ = {
			isa = XCBuildConfiguration;
			buildSettings = {
				ALWAYS_SEARCH_USER_PATHS = NO;
				CLANG_ANALYZER_NONNULL = YES;
				CLANG_ANALYZER_NUMBER_OBJECT_CONVERSION = YES_AGGRESSIVE;
				CLANG_CXX_LANGUAGE_STANDARD = "gnu++14";
				CLANG_CXX_LIBRARY = "libc++";
				CLANG_ENABLE_MODULES = YES;
				CLANG_ENABLE_OBJC_ARC = YES;
				CLANG_ENABLE_OBJC_WEAK = YES;
				CLANG_WARN_BLOCK_CAPTURE_AUTORELEASING = YES;
				CLANG_WARN_BOOL_CONVERSION = YES;
				CLANG_WARN_COMMA = YES;
				CLANG_WARN_CONSTANT_CONVERSION = YES;
				CLANG_WARN_DEPRECATED_OBJC_IMPLEMENTATIONS = YES;
				CLANG_WARN_DIRECT_OBJC_ISA_USAGE = YES_ERROR;
				CLANG_WARN_DOCUMENTATION_COMMENTS = YES;
				CLANG_WARN_EMPTY_BODY = YES;
				CLANG_WARN_ENUM_CONVERSION = YES;
				CLANG_WARN_INFINITE_RECURSION = YES;
				CLANG_WARN_INT_CONVERSION = YES;
				CLANG_WARN_NON_LITERAL_NULL_CONVERSION = YES;
				CLANG_WARN_OBJC_IMPLICIT_RETAIN_SELF = YES;
				CLANG_WARN_OBJC_LITERAL_CONVERSION = YES;
				CLANG_WARN_OBJC_ROOT_CLASS = YES_ERROR;
				CLANG_WARN_RANGE_LOOP_ANALYSIS = YES;
				CLANG_WARN_STRICT_PROTOTYPES = YES;
				CLANG_WARN_SUSPICIOUS_MOVE = YES;
				CLANG_WARN_UNGUARDED_AVAILABILITY = YES_AGGRESSIVE;
				CLANG_WARN_UNREACHABLE_CODE = YES;
				CLANG_WARN__DUPLICATE_METHOD_MATCH = YES;
				CODE_SIGN_IDENTITY = "iPhone Developer";
				COPY_PHASE_STRIP = NO;
				DEBUG_INFORMATION_FORMAT = "dwarf-with-dsym";
				ENABLE_NS_ASSERTIONS = NO;
				ENABLE_STRICT_OBJC_MSGSEND = YES;
				GCC_C_LANGUAGE_STANDARD = gnu11;
				GCC_NO_COMMON_BLOCKS = YES;
				GCC_WARN_64_TO_32_BIT_CONVERSION = YES;
				GCC_WARN_ABOUT_RETURN_TYPE = YES_ERROR;
				GCC_WARN_UNDECLARED_SELECTOR = YES;
				GCC_WARN_UNINITIALIZED_AUTOS = YES_AGGRESSIVE;
				GCC_WARN_UNUSED_FUNCTION = YES;
				GCC_WARN_UNUSED_VARIABLE = YES;
				IPHONEOS_DEPLOYMENT_TARGET = 12.2;
				MTL_ENABLE_DEBUG_INFO = NO;
				MTL_FAST_MATH = YES;
				SDKROOT = iphoneos;
				SWIFT_COMPILATION_MODE = wholemodule;
				SWIFT_OPTIMIZATION_LEVEL = "-O";
				VALIDATE_PRODUCT = YES;
			};
			name = Release;
		};
		C951D15422CA9B65006CF39E /* Debug */ = {
			isa = XCBuildConfiguration;
			buildSettings = {
				ASSETCATALOG_COMPILER_APPICON_NAME = AppIcon;
				CODE_SIGN_STYLE = Automatic;
				DEVELOPMENT_TEAM = KH5Q4P7XM2;
				INFOPLIST_FILE = Artable/Info.plist;
				LD_RUNPATH_SEARCH_PATHS = (
					"$(inherited)",
					"@executable_path/Frameworks",
				);
				PRODUCT_BUNDLE_IDENTIFIER = com.mosapps.Artable;
				PRODUCT_NAME = "$(TARGET_NAME)";
				SWIFT_VERSION = 5.0;
				TARGETED_DEVICE_FAMILY = "1,2";
			};
			name = Debug;
		};
		C951D15522CA9B65006CF39E /* Release */ = {
			isa = XCBuildConfiguration;
			buildSettings = {
				ASSETCATALOG_COMPILER_APPICON_NAME = AppIcon;
				CODE_SIGN_STYLE = Automatic;
				DEVELOPMENT_TEAM = KH5Q4P7XM2;
				INFOPLIST_FILE = Artable/Info.plist;
				LD_RUNPATH_SEARCH_PATHS = (
					"$(inherited)",
					"@executable_path/Frameworks",
				);
				PRODUCT_BUNDLE_IDENTIFIER = com.mosapps.Artable;
				PRODUCT_NAME = "$(TARGET_NAME)";
				SWIFT_VERSION = 5.0;
				TARGETED_DEVICE_FAMILY = "1,2";
			};
			name = Release;
		};
		C951D16A22CA9BE8006CF39E /* Debug */ = {
			isa = XCBuildConfiguration;
			buildSettings = {
				ASSETCATALOG_COMPILER_APPICON_NAME = AppIcon;
				CODE_SIGN_STYLE = Automatic;
				DEVELOPMENT_TEAM = KH5Q4P7XM2;
				INFOPLIST_FILE = ArtableAdmin/Info.plist;
				LD_RUNPATH_SEARCH_PATHS = (
					"$(inherited)",
					"@executable_path/Frameworks",
				);
				PRODUCT_BUNDLE_IDENTIFIER = com.mosapps.ArtableAdmin;
				PRODUCT_NAME = "$(TARGET_NAME)";
				SWIFT_VERSION = 5.0;
				TARGETED_DEVICE_FAMILY = "1,2";
			};
			name = Debug;
		};
		C951D16B22CA9BE8006CF39E /* Release */ = {
			isa = XCBuildConfiguration;
			buildSettings = {
				ASSETCATALOG_COMPILER_APPICON_NAME = AppIcon;
				CODE_SIGN_STYLE = Automatic;
				DEVELOPMENT_TEAM = KH5Q4P7XM2;
				INFOPLIST_FILE = ArtableAdmin/Info.plist;
				LD_RUNPATH_SEARCH_PATHS = (
					"$(inherited)",
					"@executable_path/Frameworks",
				);
				PRODUCT_BUNDLE_IDENTIFIER = com.mosapps.ArtableAdmin;
				PRODUCT_NAME = "$(TARGET_NAME)";
				SWIFT_VERSION = 5.0;
				TARGETED_DEVICE_FAMILY = "1,2";
			};
			name = Release;
		};
/* End XCBuildConfiguration section */

/* Begin XCConfigurationList section */
		C951D13C22CA9B63006CF39E /* Build configuration list for PBXProject "Artable" */ = {
			isa = XCConfigurationList;
			buildConfigurations = (
				C951D15122CA9B65006CF39E /* Debug */,
				C951D15222CA9B65006CF39E /* Release */,
			);
			defaultConfigurationIsVisible = 0;
			defaultConfigurationName = Release;
		};
		C951D15322CA9B65006CF39E /* Build configuration list for PBXNativeTarget "Artable" */ = {
			isa = XCConfigurationList;
			buildConfigurations = (
				C951D15422CA9B65006CF39E /* Debug */,
				C951D15522CA9B65006CF39E /* Release */,
			);
			defaultConfigurationIsVisible = 0;
			defaultConfigurationName = Release;
		};
		C951D16922CA9BE8006CF39E /* Build configuration list for PBXNativeTarget "ArtableAdmin" */ = {
			isa = XCConfigurationList;
			buildConfigurations = (
				C951D16A22CA9BE8006CF39E /* Debug */,
				C951D16B22CA9BE8006CF39E /* Release */,
			);
			defaultConfigurationIsVisible = 0;
			defaultConfigurationName = Release;
		};
/* End XCConfigurationList section */
	};
	rootObject = C951D13922CA9B63006CF39E /* Project object */;
}
